
Microsoft Visual Studio Solution File, Format Version 12.00
# Visual Studio Version 16
VisualStudioVersion = 16.0.30804.86
MinimumVisualStudioVersion = 10.0.40219.1
Project("{9A19103F-16F7-4668-BE54-9A1E7A4F7556}") = "DisplayHomeTemp", "DisplayHomeTemp.csproj", "{734206AA-A872-4170-97FE-8CD49C6B667F}"
EndProject
Global
	GlobalSection(SolutionConfigurationPlatforms) = preSolution
		Debug|Any CPU = Debug|Any CPU
		Release|Any CPU = Release|Any CPU
	EndGlobalSection
	GlobalSection(ProjectConfigurationPlatforms) = postSolution
		{734206AA-A872-4170-97FE-8CD49C6B667F}.Debug|Any CPU.ActiveCfg = Debug|Any CPU
		{734206AA-A872-4170-97FE-8CD49C6B667F}.Debug|Any CPU.Build.0 = Debug|Any CPU
		{734206AA-A872-4170-97FE-8CD49C6B667F}.Release|Any CPU.ActiveCfg = Release|Any CPU
		{734206AA-A872-4170-97FE-8CD49C6B667F}.Release|Any CPU.Build.0 = Release|Any CPU
	EndGlobalSection
	GlobalSection(SolutionProperties) = preSolution
		HideSolutionNode = FALSE
	EndGlobalSection
	GlobalSection(ExtensibilityGlobals) = postSolution
		SolutionGuid = {0377FC68-C061-4DB8-977D-87A0DF89AA27}
	EndGlobalSection
EndGlobal
